
Microsoft Visual Studio Solution File, Format Version 12.00
# Visual Studio 2013
VisualStudioVersion = 12.0.21005.1
MinimumVisualStudioVersion = 10.0.40219.1
Project("{FAE04EC0-301F-11D3-BF4B-00C04F79EFBC}") = "Forecast", "Forecast\Forecast.csproj", "{6CB0ED09-4E73-495E-B8DD-2F0373AA333D}"
EndProject
Project("{FAE04EC0-301F-11D3-BF4B-00C04F79EFBC}") = "Server", "Server\Server.csproj", "{CA22E066-1E49-4717-BBCA-E74CC5F1C7C2}"
EndProject
Global
	GlobalSection(SolutionConfigurationPlatforms) = preSolution
		Debug|Any CPU = Debug|Any CPU
		Release|Any CPU = Release|Any CPU
	EndGlobalSection
	GlobalSection(ProjectConfigurationPlatforms) = postSolution
		{6CB0ED09-4E73-495E-B8DD-2F0373AA333D}.Debug|Any CPU.ActiveCfg = Debug|Any CPU
		{6CB0ED09-4E73-495E-B8DD-2F0373AA333D}.Debug|Any CPU.Build.0 = Debug|Any CPU
		{6CB0ED09-4E73-495E-B8DD-2F0373AA333D}.Release|Any CPU.ActiveCfg = Release|Any CPU
		{6CB0ED09-4E73-495E-B8DD-2F0373AA333D}.Release|Any CPU.Build.0 = Release|Any CPU
		{CA22E066-1E49-4717-BBCA-E74CC5F1C7C2}.Debug|Any CPU.ActiveCfg = Debug|Any CPU
		{CA22E066-1E49-4717-BBCA-E74CC5F1C7C2}.Debug|Any CPU.Build.0 = Debug|Any CPU
		{CA22E066-1E49-4717-BBCA-E74CC5F1C7C2}.Release|Any CPU.ActiveCfg = Release|Any CPU
		{CA22E066-1E49-4717-BBCA-E74CC5F1C7C2}.Release|Any CPU.Build.0 = Release|Any CPU
	EndGlobalSection
	GlobalSection(SolutionProperties) = preSolution
		HideSolutionNode = FALSE
	EndGlobalSection
EndGlobal
